
Microsoft Visual Studio Solution File, Format Version 12.00
# Visual Studio Version 16
VisualStudioVersion = 16.0.31702.278
MinimumVisualStudioVersion = 10.0.40219.1
Project("{FAE04EC0-301F-11D3-BF4B-00C04F79EFBC}") = "MVCPartialDevam_1", "MVCPartialDevam_1\MVCPartialDevam_1.csproj", "{1C8912E4-E3AE-427D-8A78-04ED887E59D3}"
EndProject
Global
	GlobalSection(SolutionConfigurationPlatforms) = preSolution
		Debug|Any CPU = Debug|Any CPU
		Release|Any CPU = Release|Any CPU
	EndGlobalSection
	GlobalSection(ProjectConfigurationPlatforms) = postSolution
		{1C8912E4-E3AE-427D-8A78-04ED887E59D3}.Debug|Any CPU.ActiveCfg = Debug|Any CPU
		{1C8912E4-E3AE-427D-8A78-04ED887E59D3}.Debug|Any CPU.Build.0 = Debug|Any CPU
		{1C8912E4-E3AE-427D-8A78-04ED887E59D3}.Release|Any CPU.ActiveCfg = Release|Any CPU
		{1C8912E4-E3AE-427D-8A78-04ED887E59D3}.Release|Any CPU.Build.0 = Release|Any CPU
	EndGlobalSection
	GlobalSection(SolutionProperties) = preSolution
		HideSolutionNode = FALSE
	EndGlobalSection
	GlobalSection(ExtensibilityGlobals) = postSolution
		SolutionGuid = {EB98D1D1-6FAB-403B-9FFB-C1CB79328549}
	EndGlobalSection
EndGlobal
